PODS:
  - Flutter (1.0.0)
  - isar_community_flutter_libs (1.0.0):
    - Flutter

DEPENDENCIES:
  - Flutter (from `Flutter`)
  - isar_community_flutter_libs (from `.symlinks/plugins/isar_community_flutter_libs/ios`)

EXTERNAL SOURCES:
  Flutter:
    :path: Flutter
  isar_community_flutter_libs:
    :path: ".symlinks/plugins/isar_community_flutter_libs/ios"

SPEC CHECKSUMS:
  Flutter: 71a624a5bc0c04062bf19101d501e466baf2fb47
  isar_community_flutter_libs: bede843185a61a05ff364a05c9b23209523f7e0d

PODFILE CHECKSUM: 3ba3a73b1b12adcf321a227a745625fe0888cc82

COCOAPODS: 1.16.2
